
Microsoft Visual Studio Solution File, Format Version 12.00
# Visual Studio 15
VisualStudioVersion = 15.0.28307.489
MinimumVisualStudioVersion = 10.0.40219.1
Project("{FAE04EC0-301F-11D3-BF4B-00C04F79EFBC}") = "HTML5 Minimal1", "HTML5 Minimal1\HTML5 Minimal1.csproj", "{757C6D5E-7378-4718-AF45-AAC5F47B5290}"
EndProject
Global
	GlobalSection(SolutionConfigurationPlatforms) = preSolution
		Debug|x86 = Debug|x86
	EndGlobalSection
	GlobalSection(ProjectConfigurationPlatforms) = postSolution
		{757C6D5E-7378-4718-AF45-AAC5F47B5290}.Debug|x86.ActiveCfg = Debug|x86
		{757C6D5E-7378-4718-AF45-AAC5F47B5290}.Debug|x86.Build.0 = Debug|x86
	EndGlobalSection
	GlobalSection(SolutionProperties) = preSolution
		HideSolutionNode = FALSE
	EndGlobalSection
	GlobalSection(ExtensibilityGlobals) = postSolution
		SolutionGuid = {299746F3-CA81-408D-8090-238C747746CB}
	EndGlobalSection
EndGlobal
